
Microsoft Visual Studio Solution File, Format Version 12.00
# Visual Studio Version 16
VisualStudioVersion = 16.0.29926.136
MinimumVisualStudioVersion = 10.0.40219.1
Project("{9A19103F-16F7-4668-BE54-9A1E7A4F7556}") = "MiCanasta", "MiCanasta.csproj", "{2622F160-B1D4-4E61-8957-C663F4D8E333}"
EndProject
Global
	GlobalSection(SolutionConfigurationPlatforms) = preSolution
		Debug|Any CPU = Debug|Any CPU
		Release|Any CPU = Release|Any CPU
	EndGlobalSection
	GlobalSection(ProjectConfigurationPlatforms) = postSolution
		{2622F160-B1D4-4E61-8957-C663F4D8E333}.Debug|Any CPU.ActiveCfg = Debug|Any CPU
		{2622F160-B1D4-4E61-8957-C663F4D8E333}.Debug|Any CPU.Build.0 = Debug|Any CPU
		{2622F160-B1D4-4E61-8957-C663F4D8E333}.Release|Any CPU.ActiveCfg = Release|Any CPU
		{2622F160-B1D4-4E61-8957-C663F4D8E333}.Release|Any CPU.Build.0 = Release|Any CPU
	EndGlobalSection
	GlobalSection(SolutionProperties) = preSolution
		HideSolutionNode = FALSE
	EndGlobalSection
	GlobalSection(ExtensibilityGlobals) = postSolution
		SolutionGuid = {ABBFA574-1999-452A-8614-DBF0B30AC8D7}
	EndGlobalSection
EndGlobal
